
Microsoft Visual Studio Solution File, Format Version 12.00
# Visual Studio Version 16
VisualStudioVersion = 16.0.33214.272
MinimumVisualStudioVersion = 10.0.40219.1
Project("{FAE04EC0-301F-11D3-BF4B-00C04F79EFBC}") = "CS_SocketIO", "CS_SocketIO\CS_SocketIO.csproj", "{C4EA6550-4886-4D4F-9116-485DE0DE9E6B}"
EndProject
Project("{FAE04EC0-301F-11D3-BF4B-00C04F79EFBC}") = "ExampleServer", "ExampleServer\ExampleServer.csproj", "{B1A9CDE1-CF91-491B-8C35-A45E23E4A6A3}"
EndProject
Project("{FAE04EC0-301F-11D3-BF4B-00C04F79EFBC}") = "GameServer", "GameServer\GameServer.csproj", "{271A6304-22AC-446D-BD0F-D6D3E1C1CF15}"
EndProject
Global
	GlobalSection(SolutionConfigurationPlatforms) = preSolution
		Debug|Any CPU = Debug|Any CPU
		Release|Any CPU = Release|Any CPU
	EndGlobalSection
	GlobalSection(ProjectConfigurationPlatforms) = postSolution
		{C4EA6550-4886-4D4F-9116-485DE0DE9E6B}.Debug|Any CPU.ActiveCfg = Debug|Any CPU
		{C4EA6550-4886-4D4F-9116-485DE0DE9E6B}.Debug|Any CPU.Build.0 = Debug|Any CPU
		{C4EA6550-4886-4D4F-9116-485DE0DE9E6B}.Release|Any CPU.ActiveCfg = Release|Any CPU
		{C4EA6550-4886-4D4F-9116-485DE0DE9E6B}.Release|Any CPU.Build.0 = Release|Any CPU
		{B1A9CDE1-CF91-491B-8C35-A45E23E4A6A3}.Debug|Any CPU.ActiveCfg = Debug|Any CPU
		{B1A9CDE1-CF91-491B-8C35-A45E23E4A6A3}.Debug|Any CPU.Build.0 = Debug|Any CPU
		{B1A9CDE1-CF91-491B-8C35-A45E23E4A6A3}.Release|Any CPU.ActiveCfg = Release|Any CPU
		{B1A9CDE1-CF91-491B-8C35-A45E23E4A6A3}.Release|Any CPU.Build.0 = Release|Any CPU
		{271A6304-22AC-446D-BD0F-D6D3E1C1CF15}.Debug|Any CPU.ActiveCfg = Debug|Any CPU
		{271A6304-22AC-446D-BD0F-D6D3E1C1CF15}.Debug|Any CPU.Build.0 = Debug|Any CPU
		{271A6304-22AC-446D-BD0F-D6D3E1C1CF15}.Release|Any CPU.ActiveCfg = Release|Any CPU
		{271A6304-22AC-446D-BD0F-D6D3E1C1CF15}.Release|Any CPU.Build.0 = Release|Any CPU
	EndGlobalSection
	GlobalSection(SolutionProperties) = preSolution
		HideSolutionNode = FALSE
	EndGlobalSection
	GlobalSection(ExtensibilityGlobals) = postSolution
		SolutionGuid = {464C3897-297F-4B29-9A30-8AC2BB33DAD9}
	EndGlobalSection
EndGlobal
